
Microsoft Visual Studio Solution File, Format Version 12.00
# Visual Studio Version 17
Project("{8BC9CEB8-8B4A-11D0-8D11-00A0C91BC942}") = "EarthGL", "EarthGL\EarthGL.vcxproj", "{ACABC6AD-188B-4549-21A3-D01F8D01ACAA}"
EndProject
Global
	GlobalSection(SolutionConfigurationPlatforms) = preSolution
		Debug|x64 = Debug|x64
		Release|x64 = Release|x64
	EndGlobalSection
	GlobalSection(ProjectConfigurationPlatforms) = postSolution
		{ACABC6AD-188B-4549-21A3-D01F8D01ACAA}.Debug|x64.ActiveCfg = Debug|x64
		{ACABC6AD-188B-4549-21A3-D01F8D01ACAA}.Debug|x64.Build.0 = Debug|x64
		{ACABC6AD-188B-4549-21A3-D01F8D01ACAA}.Release|x64.ActiveCfg = Release|x64
		{ACABC6AD-188B-4549-21A3-D01F8D01ACAA}.Release|x64.Build.0 = Release|x64
	EndGlobalSection
	GlobalSection(SolutionProperties) = preSolution
		HideSolutionNode = FALSE
	EndGlobalSection
EndGlobal
